
Microsoft Visual Studio Solution File, Format Version 12.00
Project("{FAE04EC0-301F-11D3-BF4B-00C04F79EFBC}") = "Legal-IA", "Legal-IA\Legal-IA.csproj", "{7E5C3A0F-A6BC-420D-ADB5-A6E0B06007EF}"
EndProject
Project("{FAE04EC0-301F-11D3-BF4B-00C04F79EFBC}") = "AI-Agent", "AI-Agent\AI-Agent.csproj", "{A1E554F5-96C1-4529-9F54-51C50BB2A247}"
EndProject
Global
	GlobalSection(SolutionConfigurationPlatforms) = preSolution
		Debug|Any CPU = Debug|Any CPU
		Release|Any CPU = Release|Any CPU
	EndGlobalSection
	GlobalSection(ProjectConfigurationPlatforms) = postSolution
		{7E5C3A0F-A6BC-420D-ADB5-A6E0B06007EF}.Debug|Any CPU.ActiveCfg = Debug|Any CPU
		{7E5C3A0F-A6BC-420D-ADB5-A6E0B06007EF}.Debug|Any CPU.Build.0 = Debug|Any CPU
		{7E5C3A0F-A6BC-420D-ADB5-A6E0B06007EF}.Release|Any CPU.ActiveCfg = Release|Any CPU
		{7E5C3A0F-A6BC-420D-ADB5-A6E0B06007EF}.Release|Any CPU.Build.0 = Release|Any CPU
		{A1E554F5-96C1-4529-9F54-51C50BB2A247}.Debug|Any CPU.ActiveCfg = Debug|Any CPU
		{A1E554F5-96C1-4529-9F54-51C50BB2A247}.Debug|Any CPU.Build.0 = Debug|Any CPU
		{A1E554F5-96C1-4529-9F54-51C50BB2A247}.Release|Any CPU.ActiveCfg = Release|Any CPU
		{A1E554F5-96C1-4529-9F54-51C50BB2A247}.Release|Any CPU.Build.0 = Release|Any CPU
	EndGlobalSection
EndGlobal
